
Microsoft Visual Studio Solution File, Format Version 12.00
# Visual Studio Version 17
VisualStudioVersion = 17.0.32014.148
MinimumVisualStudioVersion = 10.0.40219.1
Project("{FAE04EC0-301F-11D3-BF4B-00C04F79EFBC}") = "EManager", "EManager\EManager.csproj", "{93394910-09EF-4AC3-BBB9-F71C3C1F2624}"
EndProject
Global
	GlobalSection(SolutionConfigurationPlatforms) = preSolution
		Debug|Any CPU = Debug|Any CPU
		Release|Any CPU = Release|Any CPU
	EndGlobalSection
	GlobalSection(ProjectConfigurationPlatforms) = postSolution
		{93394910-09EF-4AC3-BBB9-F71C3C1F2624}.Debug|Any CPU.ActiveCfg = Debug|Any CPU
		{93394910-09EF-4AC3-BBB9-F71C3C1F2624}.Debug|Any CPU.Build.0 = Debug|Any CPU
		{93394910-09EF-4AC3-BBB9-F71C3C1F2624}.Release|Any CPU.ActiveCfg = Release|Any CPU
		{93394910-09EF-4AC3-BBB9-F71C3C1F2624}.Release|Any CPU.Build.0 = Release|Any CPU
	EndGlobalSection
	GlobalSection(SolutionProperties) = preSolution
		HideSolutionNode = FALSE
	EndGlobalSection
	GlobalSection(ExtensibilityGlobals) = postSolution
		SolutionGuid = {D9AB3F79-D328-4F77-99F7-8D4F71545AB9}
	EndGlobalSection
EndGlobal
